// !$*UTF8*$!
{
	archiveVersion = 1;
	classes = {
	};
	objectVersion = 50;
	objects = {

/* Begin PBXBuildFile section */
		651B458224E1156900BFFABC /* AppDelegate.swift in Sources */ = {isa = PBXBuildFile; fileRef = 651B458124E1156900BFFABC /* AppDelegate.swift */; };
		651B458424E1156900BFFABC /* SceneDelegate.swift in Sources */ = {isa = PBXBuildFile; fileRef = 651B458324E1156900BFFABC /* SceneDelegate.swift */; };
		651B458624E1156900BFFABC /* ViewController.swift in Sources */ = {isa = PBXBuildFile; fileRef = 651B458524E1156900BFFABC /* ViewController.swift */; };
		651B458924E1156900BFFABC /* Main.storyboard in Resources */ = {isa = PBXBuildFile; fileRef = 651B458724E1156900BFFABC /* Main.storyboard */; };
		651B458B24E1156E00BFFABC /* Assets.xcassets in Resources */ = {isa = PBXBuildFile; fileRef = 651B458A24E1156E00BFFABC /* Assets.xcassets */; };
		651B458E24E1156E00BFFABC /* LaunchScreen.storyboard in Resources */ = {isa = PBXBuildFile; fileRef = 651B458C24E1156E00BFFABC /* LaunchScreen.storyboard */; };
		651B459624E116C600BFFABC /* SqueezeNet.mlmodel in Sources */ = {isa = PBXBuildFile; fileRef = 651B459524E116C600BFFABC /* SqueezeNet.mlmodel */; };
/* End PBXBuildFile section */

/* Begin PBXFileReference section */
		651B457E24E1156900BFFABC /* ObjectDetectionWithVisionFramework.app */ = {isa = PBXFileReference; explicitFileType = wrapper.application; includeInIndex = 0; path = ObjectDetectionWithVisionFramework.app; sourceTree = BUILT_PRODUCTS_DIR; };
		651B458124E1156900BFFABC /* AppDelegate.swift */ = {isa = PBXFileReference; lastKnownFileType = sourcecode.swift; path = AppDelegate.swift; sourceTree = "<group>"; };
		651B458324E1156900BFFABC /* SceneDelegate.swift */ = {isa = PBXFileReference; lastKnownFileType = sourcecode.swift; path = SceneDelegate.swift; sourceTree = "<group>"; };
		651B458524E1156900BFFABC /* ViewController.swift */ = {isa = PBXFileReference; lastKnownFileType = sourcecode.swift; path = ViewController.swift; sourceTree = "<group>"; };
		651B458824E1156900BFFABC /* Base */ = {isa = PBXFileReference; lastKnownFileType = file.storyboard; name = Base; path = Base.lproj/Main.storyboard; sourceTree = "<group>"; };
		651B458A24E1156E00BFFABC /* Assets.xcassets */ = {isa = PBXFileReference; lastKnownFileType = folder.assetcatalog; path = Assets.xcassets; sourceTree = "<group>"; };
		651B458D24E1156E00BFFABC /* Base */ = {isa = PBXFileReference; lastKnownFileType = file.storyboard; name = Base; path = Base.lproj/LaunchScreen.storyboard; sourceTree = "<group>"; };
		651B458F24E1156E00BFFABC /* Info.plist */ = {isa = PBXFileReference; lastKnownFileType = text.plist.xml; path = Info.plist; sourceTree = "<group>"; };
		651B459524E116C600BFFABC /* SqueezeNet.mlmodel */ = {isa = PBXFileReference; lastKnownFileType = file.mlmodel; path = SqueezeNet.mlmodel; sourceTree = "<group>"; };
/* End PBXFileReference section */

/* Begin PBXFrameworksBuildPhase section */
		651B457B24E1156900BFFABC /* Frameworks */ = {
			isa = PBXFrameworksBuildPhase;
			buildActionMask = 2147483647;
			files = (
			);
			runOnlyForDeploymentPostprocessing = 0;
		};
/* End PBXFrameworksBuildPhase section */

/* Begin PBXGroup section */
		651B457524E1156900BFFABC = {
			isa = PBXGroup;
			children = (
				651B458024E1156900BFFABC /* ObjectDetectionWithVisionFramework */,
				651B457F24E1156900BFFABC /* Products */,
			);
			sourceTree = "<group>";
		};
		651B457F24E1156900BFFABC /* Products */ = {
			isa = PBXGroup;
			children = (
				651B457E24E1156900BFFABC /* ObjectDetectionWithVisionFramework.app */,
			);
			name = Products;
			sourceTree = "<group>";
		};
		651B458024E1156900BFFABC /* ObjectDetectionWithVisionFramework */ = {
			isa = PBXGroup;
			children = (
				651B458124E1156900BFFABC /* AppDelegate.swift */,
				651B458324E1156900BFFABC /* SceneDelegate.swift */,
				651B459524E116C600BFFABC /* SqueezeNet.mlmodel */,
				651B458524E1156900BFFABC /* ViewController.swift */,
				651B458724E1156900BFFABC /* Main.storyboard */,
				651B458A24E1156E00BFFABC /* Assets.xcassets */,
				651B458C24E1156E00BFFABC /* LaunchScreen.storyboard */,
				651B458F24E1156E00BFFABC /* Info.plist */,
			);
			path = ObjectDetectionWithVisionFramework;
			sourceTree = "<group>";
		};
/* End PBXGroup section */

/* Begin PBXNativeTarget section */
		651B457D24E1156900BFFABC /* ObjectDetectionWithVisionFramework */ = {
			isa = PBXNativeTarget;
			buildConfigurationList = 651B459224E1156E00BFFABC /* Build configuration list for PBXNativeTarget "ObjectDetectionWithVisionFramework" */;
			buildPhases = (
				651B457A24E1156900BFFABC /* Sources */,
				651B457B24E1156900BFFABC /* Frameworks */,
				651B457C24E1156900BFFABC /* Resources */,
			);
			buildRules = (
			);
			dependencies = (
			);
			name = ObjectDetectionWithVisionFramework;
			productName = ObjectDetectionWithVisionFramework;
			productReference = 651B457E24E1156900BFFABC /* ObjectDetectionWithVisionFramework.app */;
			productType = "com.apple.product-type.application";
		};
/* End PBXNativeTarget section */

/* Begin PBXProject section */
		651B457624E1156900BFFABC /* Project object */ = {
			isa = PBXProject;
			attributes = {
				LastSwiftUpdateCheck = 1160;
				LastUpgradeCheck = 1160;
				ORGANIZATIONNAME = prasanna;
				TargetAttributes = {
					651B457D24E1156900BFFABC = {
						CreatedOnToolsVersion = 11.6;
					};
				};
			};
			buildConfigurationList = 651B457924E1156900BFFABC /* Build configuration list for PBXProject "ObjectDetectionWithVisionFramework" */;
			compatibilityVersion = "Xcode 9.3";
			developmentRegion = en;
			hasScannedForEncodings = 0;
			knownRegions = (
				en,
				Base,
			);
			mainGroup = 651B457524E1156900BFFABC;
			productRefGroup = 651B457F24E1156900BFFABC /* Products */;
			projectDirPath = "";
			projectRoot = "";
			targets = (
				651B457D24E1156900BFFABC /* ObjectDetectionWithVisionFramework */,
			);
		};
/* End PBXProject section */

/* Begin PBXResourcesBuildPhase section */
		651B457C24E1156900BFFABC /* Resources */ = {
			isa = PBXResourcesBuildPhase;
			buildActionMask = 2147483647;
			files = (
				651B458E24E1156E00BFFABC /* LaunchScreen.storyboard in Resources */,
				651B458B24E1156E00BFFABC /* Assets.xcassets in Resources */,
				651B458924E1156900BFFABC /* Main.storyboard in Resources */,
			);
			runOnlyForDeploymentPostprocessing = 0;
		};
/* End PBXResourcesBuildPhase section */

/* Begin PBXSourcesBuildPhase section */
		651B457A24E1156900BFFABC /* Sources */ = {
			isa = PBXSourcesBuildPhase;
			buildActionMask = 2147483647;
			files = (
				651B458624E1156900BFFABC /* ViewController.swift in Sources */,
				651B458224E1156900BFFABC /* AppDelegate.swift in Sources */,
				651B458424E1156900BFFABC /* SceneDelegate.swift in Sources */,
				651B459624E116C600BFFABC /* SqueezeNet.mlmodel in Sources */,
			);
			runOnlyForDeploymentPostprocessing = 0;
		};
/* End PBXSourcesBuildPhase section */

/* Begin PBXVariantGroup section */
		651B458724E1156900BFFABC /* Main.storyboard */ = {
			isa = PBXVariantGroup;
			children = (
				651B458824E1156900BFFABC /* Base */,
			);
			name = Main.storyboard;
			sourceTree = "<group>";
		};
		651B458C24E1156E00BFFABC /* LaunchScreen.storyboard */ = {
			isa = PBXVariantGroup;
			children = (
				651B458D24E1156E00BFFABC /* Base */,
			);
			name = LaunchScreen.storyboard;
			sourceTree = "<group>";
		};
/* End PBXVariantGroup section */

/* Begin XCBuildConfiguration section */
		651B459024E1156E00BFFABC /* Debug */ = {
			isa = XCBuildConfiguration;
			buildSettings = {
				ALWAYS_SEARCH_USER_PATHS = NO;
				CLANG_ANALYZER_NONNULL = YES;
				CLANG_ANALYZER_NUMBER_OBJECT_CONVERSION = YES_AGGRESSIVE;
				CLANG_CXX_LANGUAGE_STANDARD = "gnu++14";
				CLANG_CXX_LIBRARY = "libc++";
				CLANG_ENABLE_MODULES = YES;
				CLANG_ENABLE_OBJC_ARC = YES;
				CLANG_ENABLE_OBJC_WEAK = YES;
				CLANG_WARN_BLOCK_CAPTURE_AUTORELEASING = YES;
				CLANG_WARN_BOOL_CONVERSION = YES;
				CLANG_WARN_COMMA = YES;
				CLANG_WARN_CONSTANT_CONVERSION = YES;
				CLANG_WARN_DEPRECATED_OBJC_IMPLEMENTATIONS = YES;
				CLANG_WARN_DIRECT_OBJC_ISA_USAGE = YES_ERROR;
				CLANG_WARN_DOCUMENTATION_COMMENTS = YES;
				CLANG_WARN_EMPTY_BODY = YES;
				CLANG_WARN_ENUM_CONVERSION = YES;
				CLANG_WARN_INFINITE_RECURSION = YES;
				CLANG_WARN_INT_CONVERSION = YES;
				CLANG_WARN_NON_LITERAL_NULL_CONVERSION = YES;
				CLANG_WARN_OBJC_IMPLICIT_RETAIN_SELF = YES;
				CLANG_WARN_OBJC_LITERAL_CONVERSION = YES;
				CLANG_WARN_OBJC_ROOT_CLASS = YES_ERROR;
				CLANG_WARN_RANGE_LOOP_ANALYSIS = YES;
				CLANG_WARN_STRICT_PROTOTYPES = YES;
				CLANG_WARN_SUSPICIOUS_MOVE = YES;
				CLANG_WARN_UNGUARDED_AVAILABILITY = YES_AGGRESSIVE;
				CLANG_WARN_UNREACHABLE_CODE = YES;
				CLANG_WARN__DUPLICATE_METHOD_MATCH = YES;
				COPY_PHASE_STRIP = NO;
				DEBUG_INFORMATION_FORMAT = dwarf;
				ENABLE_STRICT_OBJC_MSGSEND = YES;
				ENABLE_TESTABILITY = YES;
				GCC_C_LANGUAGE_STANDARD = gnu11;
				GCC_DYNAMIC_NO_PIC = NO;
				GCC_NO_COMMON_BLOCKS = YES;
				GCC_OPTIMIZATION_LEVEL = 0;
				GCC_PREPROCESSOR_DEFINITIONS = (
					"DEBUG=1",
					"$(inherited)",
				);
				GCC_WARN_64_TO_32_BIT_CONVERSION = YES;
				GCC_WARN_ABOUT_RETURN_TYPE = YES_ERROR;
				GCC_WARN_UNDECLARED_SELECTOR = YES;
				GCC_WARN_UNINITIALIZED_AUTOS = YES_AGGRESSIVE;
				GCC_WARN_UNUSED_FUNCTION = YES;
				GCC_WARN_UNUSED_VARIABLE = YES;
				IPHONEOS_DEPLOYMENT_TARGET = 13.6;
				MTL_ENABLE_DEBUG_INFO = INCLUDE_SOURCE;
				MTL_FAST_MATH = YES;
				ONLY_ACTIVE_ARCH = YES;
				SDKROOT = iphoneos;
				SWIFT_ACTIVE_COMPILATION_CONDITIONS = DEBUG;
				SWIFT_OPTIMIZATION_LEVEL = "-Onone";
			};
			name = Debug;
		};
		651B459124E1156E00BFFABC /* Release */ = {
			isa = XCBuildConfiguration;
			buildSettings = {
				ALWAYS_SEARCH_USER_PATHS = NO;
				CLANG_ANALYZER_NONNULL = YES;
				CLANG_ANALYZER_NUMBER_OBJECT_CONVERSION = YES_AGGRESSIVE;
				CLANG_CXX_LANGUAGE_STANDARD = "gnu++14";
				CLANG_CXX_LIBRARY = "libc++";
				CLANG_ENABLE_MODULES = YES;
				CLANG_ENABLE_OBJC_ARC = YES;
				CLANG_ENABLE_OBJC_WEAK = YES;
				CLANG_WARN_BLOCK_CAPTURE_AUTORELEASING = YES;
				CLANG_WARN_BOOL_CONVERSION = YES;
				CLANG_WARN_COMMA = YES;
				CLANG_WARN_CONSTANT_CONVERSION = YES;
				CLANG_WARN_DEPRECATED_OBJC_IMPLEMENTATIONS = YES;
				CLANG_WARN_DIRECT_OBJC_ISA_USAGE = YES_ERROR;
				CLANG_WARN_DOCUMENTATION_COMMENTS = YES;
				CLANG_WARN_EMPTY_BODY = YES;
				CLANG_WARN_ENUM_CONVERSION = YES;
				CLANG_WARN_INFINITE_RECURSION = YES;
				CLANG_WARN_INT_CONVERSION = YES;
				CLANG_WARN_NON_LITERAL_NULL_CONVERSION = YES;
				CLANG_WARN_OBJC_IMPLICIT_RETAIN_SELF = YES;
				CLANG_WARN_OBJC_LITERAL_CONVERSION = YES;
				CLANG_WARN_OBJC_ROOT_CLASS = YES_ERROR;
				CLANG_WARN_RANGE_LOOP_ANALYSIS = YES;
				CLANG_WARN_STRICT_PROTOTYPES = YES;
				CLANG_WARN_SUSPICIOUS_MOVE = YES;
				CLANG_WARN_UNGUARDED_AVAILABILITY = YES_AGGRESSIVE;
				CLANG_WARN_UNREACHABLE_CODE = YES;
				CLANG_WARN__DUPLICATE_METHOD_MATCH = YES;
				COPY_PHASE_STRIP = NO;
				DEBUG_INFORMATION_FORMAT = "dwarf-with-dsym";
				ENABLE_NS_ASSERTIONS = NO;
				ENABLE_STRICT_OBJC_MSGSEND = YES;
				GCC_C_LANGUAGE_STANDARD = gnu11;
				GCC_NO_COMMON_BLOCKS = YES;
				GCC_WARN_64_TO_32_BIT_CONVERSION = YES;
				GCC_WARN_ABOUT_RETURN_TYPE = YES_ERROR;
				GCC_WARN_UNDECLARED_SELECTOR = YES;
				GCC_WARN_UNINITIALIZED_AUTOS = YES_AGGRESSIVE;
				GCC_WARN_UNUSED_FUNCTION = YES;
				GCC_WARN_UNUSED_VARIABLE = YES;
				IPHONEOS_DEPLOYMENT_TARGET = 13.6;
				MTL_ENABLE_DEBUG_INFO = NO;
				MTL_FAST_MATH = YES;
				SDKROOT = iphoneos;
				SWIFT_COMPILATION_MODE = wholemodule;
				SWIFT_OPTIMIZATION_LEVEL = "-O";
				VALIDATE_PRODUCT = YES;
			};
			name = Release;
		};
		651B459324E1156E00BFFABC /* Debug */ = {
			isa = XCBuildConfiguration;
			buildSettings = {
				ASSETCATALOG_COMPILER_APPICON_NAME = AppIcon;
				CODE_SIGN_STYLE = Automatic;
				DEVELOPMENT_TEAM = "";
				INFOPLIST_FILE = ObjectDetectionWithVisionFramework/Info.plist;
				IPHONEOS_DEPLOYMENT_TARGET = 13.0;
				LD_RUNPATH_SEARCH_PATHS = (
					"$(inherited)",
					"@executable_path/Frameworks",
				);
				PRODUCT_BUNDLE_IDENTIFIER = com.Prasanna.ObjectDetectionWithVisionFramework;
				PRODUCT_NAME = "$(TARGET_NAME)";
				SWIFT_VERSION = 5.0;
				TARGETED_DEVICE_FAMILY = "1,2";
			};
			name = Debug;
		};
		651B459424E1156E00BFFABC /* Release */ = {
			isa = XCBuildConfiguration;
			buildSettings = {
				ASSETCATALOG_COMPILER_APPICON_NAME = AppIcon;
				CODE_SIGN_STYLE = Automatic;
				DEVELOPMENT_TEAM = "";
				INFOPLIST_FILE = ObjectDetectionWithVisionFramework/Info.plist;
				IPHONEOS_DEPLOYMENT_TARGET = 13.0;
				LD_RUNPATH_SEARCH_PATHS = (
					"$(inherited)",
					"@executable_path/Frameworks",
				);
				PRODUCT_BUNDLE_IDENTIFIER = com.Prasanna.ObjectDetectionWithVisionFramework;
				PRODUCT_NAME = "$(TARGET_NAME)";
				SWIFT_VERSION = 5.0;
				TARGETED_DEVICE_FAMILY = "1,2";
			};
			name = Release;
		};
/* End XCBuildConfiguration section */

/* Begin XCConfigurationList section */
		651B457924E1156900BFFABC /* Build configuration list for PBXProject "ObjectDetectionWithVisionFramework" */ = {
			isa = XCConfigurationList;
			buildConfigurations = (
				651B459024E1156E00BFFABC /* Debug */,
				651B459124E1156E00BFFABC /* Release */,
			);
			defaultConfigurationIsVisible = 0;
			defaultConfigurationName = Release;
		};
		651B459224E1156E00BFFABC /* Build configuration list for PBXNativeTarget "ObjectDetectionWithVisionFramework" */ = {
			isa = XCConfigurationList;
			buildConfigurations = (
				651B459324E1156E00BFFABC /* Debug */,
				651B459424E1156E00BFFABC /* Release */,
			);
			defaultConfigurationIsVisible = 0;
			defaultConfigurationName = Release;
		};
/* End XCConfigurationList section */
	};
	rootObject = 651B457624E1156900BFFABC /* Project object */;
}
